
Microsoft Visual Studio Solution File, Format Version 12.00
# Visual Studio Version 16
VisualStudioVersion = 16.0.30114.105
MinimumVisualStudioVersion = 10.0.40219.1
Project("{FAE04EC0-301F-11D3-BF4B-00C04F79EFBC}") = "nCtShGen.Api", "nCtShGen.Api\nCtShGen.Api.csproj", "{BBDD98F0-B2B8-4CA7-A439-0EE1F59ECA5D}"
EndProject
Project("{FAE04EC0-301F-11D3-BF4B-00C04F79EFBC}") = "nCtShGen.Tests", "nCtShGen.Tests\nCtShGen.Tests.csproj", "{B3CCD922-B4A1-47DB-928A-BCEB63449EC1}"
EndProject
Global
	GlobalSection(SolutionConfigurationPlatforms) = preSolution
		Debug|Any CPU = Debug|Any CPU
		Release|Any CPU = Release|Any CPU
	EndGlobalSection
	GlobalSection(SolutionProperties) = preSolution
		HideSolutionNode = FALSE
	EndGlobalSection
	GlobalSection(ProjectConfigurationPlatforms) = postSolution
		{BBDD98F0-B2B8-4CA7-A439-0EE1F59ECA5D}.Debug|Any CPU.ActiveCfg = Debug|Any CPU
		{BBDD98F0-B2B8-4CA7-A439-0EE1F59ECA5D}.Debug|Any CPU.Build.0 = Debug|Any CPU
		{BBDD98F0-B2B8-4CA7-A439-0EE1F59ECA5D}.Release|Any CPU.ActiveCfg = Release|Any CPU
		{BBDD98F0-B2B8-4CA7-A439-0EE1F59ECA5D}.Release|Any CPU.Build.0 = Release|Any CPU
		{B3CCD922-B4A1-47DB-928A-BCEB63449EC1}.Debug|Any CPU.ActiveCfg = Debug|Any CPU
		{B3CCD922-B4A1-47DB-928A-BCEB63449EC1}.Debug|Any CPU.Build.0 = Debug|Any CPU
		{B3CCD922-B4A1-47DB-928A-BCEB63449EC1}.Release|Any CPU.ActiveCfg = Release|Any CPU
		{B3CCD922-B4A1-47DB-928A-BCEB63449EC1}.Release|Any CPU.Build.0 = Release|Any CPU
	EndGlobalSection
EndGlobal
